
Microsoft Visual Studio Solution File, Format Version 12.00
# Visual Studio Version 17
VisualStudioVersion = 17.0.31903.59
MinimumVisualStudioVersion = 10.0.40219.1
Project("{2150E333-8FDC-42A3-9474-1A3956D46DE8}") = "src", "src", "{EB180901-43A8-4EDA-9696-E78C40C1C2F4}"
EndProject
Project("{FAE04EC0-301F-11D3-BF4B-00C04F79EFBC}") = "SudokuWeb", "src\SudokuWeb\SudokuWeb.csproj", "{C0CD384A-7A35-4073-B82E-D5F07C9028C7}"
EndProject
Project("{2150E333-8FDC-42A3-9474-1A3956D46DE8}") = "tests", "tests", "{60E8A068-443B-4EAF-B1EC-C17772A3D0D7}"
EndProject
Project("{FAE04EC0-301F-11D3-BF4B-00C04F79EFBC}") = "SudokuWeb.Tests", "tests\SudokuWeb.Tests\SudokuWeb.Tests.csproj", "{A19765F4-8AF6-43AA-98FD-5440ADC64FB2}"
EndProject
Global
	GlobalSection(SolutionConfigurationPlatforms) = preSolution
		Debug|Any CPU = Debug|Any CPU
		Release|Any CPU = Release|Any CPU
	EndGlobalSection
	GlobalSection(SolutionProperties) = preSolution
		HideSolutionNode = FALSE
	EndGlobalSection
	GlobalSection(ProjectConfigurationPlatforms) = postSolution
		{C0CD384A-7A35-4073-B82E-D5F07C9028C7}.Debug|Any CPU.ActiveCfg = Debug|Any CPU
		{C0CD384A-7A35-4073-B82E-D5F07C9028C7}.Debug|Any CPU.Build.0 = Debug|Any CPU
		{C0CD384A-7A35-4073-B82E-D5F07C9028C7}.Release|Any CPU.ActiveCfg = Release|Any CPU
		{C0CD384A-7A35-4073-B82E-D5F07C9028C7}.Release|Any CPU.Build.0 = Release|Any CPU
		{A19765F4-8AF6-43AA-98FD-5440ADC64FB2}.Debug|Any CPU.ActiveCfg = Debug|Any CPU
		{A19765F4-8AF6-43AA-98FD-5440ADC64FB2}.Debug|Any CPU.Build.0 = Debug|Any CPU
		{A19765F4-8AF6-43AA-98FD-5440ADC64FB2}.Release|Any CPU.ActiveCfg = Release|Any CPU
		{A19765F4-8AF6-43AA-98FD-5440ADC64FB2}.Release|Any CPU.Build.0 = Release|Any CPU
	EndGlobalSection
	GlobalSection(NestedProjects) = preSolution
		{C0CD384A-7A35-4073-B82E-D5F07C9028C7} = {EB180901-43A8-4EDA-9696-E78C40C1C2F4}
		{A19765F4-8AF6-43AA-98FD-5440ADC64FB2} = {60E8A068-443B-4EAF-B1EC-C17772A3D0D7}
	EndGlobalSection
EndGlobal
